{
  "originHash" : "29aacd2d18dc83673aa80aa15a87c36a4c5ba0b24ad337e7eea73fb9da83ee59",
  "pins" : [
    {
      "identity" : "betterscrollviewswiftui",
      "kind" : "remoteSourceControl",
      "location" : "https://github.com/magickworx/BetterScrollViewSwiftUI",
      "state" : {
        "revision" : "ae66c1f02a8739a439d515932d489491ac46ac63",
        "version" : "1.0.0"
      }
    },
    {
      "identity" : "swift-collections",
      "kind" : "remoteSourceControl",
      "location" : "https://github.com/apple/swift-collections.git",
      "state" : {
        "revision" : "3d2dc41a01f9e49d84f0a3925fb858bed64f702d",
        "version" : "1.1.2"
      }
    }
  ],
  "version" : 3
}
