{
  "originHash" : "d1422b9cb2ef122e2a5072a4e89ee884fea4ec4b539f349de21a69925bd2bcbb",
  "pins" : [
    {
      "identity" : "betterscrollviewswiftui",
      "kind" : "remoteSourceControl",
      "location" : "https://github.com/magickworx/BetterScrollViewSwiftUI",
      "state" : {
        "revision" : "ae66c1f02a8739a439d515932d489491ac46ac63",
        "version" : "1.0.0"
      }
    },
    {
      "identity" : "swift-collections",
      "kind" : "remoteSourceControl",
      "location" : "https://github.com/apple/swift-collections.git",
      "state" : {
        "revision" : "3d2dc41a01f9e49d84f0a3925fb858bed64f702d",
        "version" : "1.1.2"
      }
    }
  ],
  "version" : 3
}
